// !$*UTF8*$!
{
	archiveVersion = 1;
	classes = {
	};
	objectVersion = 50;
	objects = {

/* Begin PBXBuildFile section */
		7A0704A4212B4A8E000BDA53 /* Shape.swift in Sources */ = {isa = PBXBuildFile; fileRef = 7A0704A3212B4A8E000BDA53 /* Shape.swift */; };
		7A0704A6212B5095000BDA53 /* ShapeController.swift in Sources */ = {isa = PBXBuildFile; fileRef = 7A0704A5212B5095000BDA53 /* ShapeController.swift */; };
		7A2088E82171B5900017787E /* MenuViewController.swift in Sources */ = {isa = PBXBuildFile; fileRef = 7A2088E72171B5900017787E /* MenuViewController.swift */; };
		7A2088EE2171BA060017787E /* SizeViewController.swift in Sources */ = {isa = PBXBuildFile; fileRef = 7A2088ED2171BA060017787E /* SizeViewController.swift */; };
		7A2088F02171BA150017787E /* ShapeViewController.swift in Sources */ = {isa = PBXBuildFile; fileRef = 7A2088EF2171BA150017787E /* ShapeViewController.swift */; };
		7A79CD98219B91820038A5CC /* Assets.xcassets in Resources */ = {isa = PBXBuildFile; fileRef = 7A79CD97219B91820038A5CC /* Assets.xcassets */; };
		7AC266AE2128772A009BD669 /* AppDelegate.swift in Sources */ = {isa = PBXBuildFile; fileRef = 7AC266AD2128772A009BD669 /* AppDelegate.swift */; };
		7AC266B02128772A009BD669 /* MainViewController.swift in Sources */ = {isa = PBXBuildFile; fileRef = 7AC266AF2128772A009BD669 /* MainViewController.swift */; };
		7AC266B32128772A009BD669 /* Main.storyboard in Resources */ = {isa = PBXBuildFile; fileRef = 7AC266B12128772A009BD669 /* Main.storyboard */; };
		7AC266BB2128772E009BD669 /* LaunchScreen.storyboard in Resources */ = {isa = PBXBuildFile; fileRef = 7AC266B92128772E009BD669 /* LaunchScreen.storyboard */; };
		7AC266C32128789B009BD669 /* GameViewController.swift in Sources */ = {isa = PBXBuildFile; fileRef = 7AC266C22128789B009BD669 /* GameViewController.swift */; };
		7AC266C7212896D3009BD669 /* Game.swift in Sources */ = {isa = PBXBuildFile; fileRef = 7AC266C6212896D3009BD669 /* Game.swift */; };
		7AC266C921294FD1009BD669 /* Extensions.swift in Sources */ = {isa = PBXBuildFile; fileRef = 7AC266C821294FD1009BD669 /* Extensions.swift */; };
		7AFFEAA22176ADAD00A5087B /* GameController.swift in Sources */ = {isa = PBXBuildFile; fileRef = 7AFFEAA12176ADAD00A5087B /* GameController.swift */; };
/* End PBXBuildFile section */

/* Begin PBXFileReference section */
		7A0704A3212B4A8E000BDA53 /* Shape.swift */ = {isa = PBXFileReference; lastKnownFileType = sourcecode.swift; path = Shape.swift; sourceTree = "<group>"; };
		7A0704A5212B5095000BDA53 /* ShapeController.swift */ = {isa = PBXFileReference; lastKnownFileType = sourcecode.swift; path = ShapeController.swift; sourceTree = "<group>"; };
		7A2088E72171B5900017787E /* MenuViewController.swift */ = {isa = PBXFileReference; lastKnownFileType = sourcecode.swift; path = MenuViewController.swift; sourceTree = "<group>"; };
		7A2088ED2171BA060017787E /* SizeViewController.swift */ = {isa = PBXFileReference; lastKnownFileType = sourcecode.swift; path = SizeViewController.swift; sourceTree = "<group>"; };
		7A2088EF2171BA150017787E /* ShapeViewController.swift */ = {isa = PBXFileReference; lastKnownFileType = sourcecode.swift; path = ShapeViewController.swift; sourceTree = "<group>"; };
		7A79CD97219B91820038A5CC /* Assets.xcassets */ = {isa = PBXFileReference; lastKnownFileType = folder.assetcatalog; path = Assets.xcassets; sourceTree = "<group>"; };
		7AC266AA2128772A009BD669 /* 5x5.app */ = {isa = PBXFileReference; explicitFileType = wrapper.application; includeInIndex = 0; path = 5x5.app; sourceTree = BUILT_PRODUCTS_DIR; };
		7AC266AD2128772A009BD669 /* AppDelegate.swift */ = {isa = PBXFileReference; lastKnownFileType = sourcecode.swift; path = AppDelegate.swift; sourceTree = "<group>"; };
		7AC266AF2128772A009BD669 /* MainViewController.swift */ = {isa = PBXFileReference; lastKnownFileType = sourcecode.swift; path = MainViewController.swift; sourceTree = "<group>"; };
		7AC266B22128772A009BD669 /* Base */ = {isa = PBXFileReference; lastKnownFileType = file.storyboard; name = Base; path = Base.lproj/Main.storyboard; sourceTree = "<group>"; };
		7AC266BA2128772E009BD669 /* Base */ = {isa = PBXFileReference; lastKnownFileType = file.storyboard; name = Base; path = Base.lproj/LaunchScreen.storyboard; sourceTree = "<group>"; };
		7AC266BC2128772E009BD669 /* Info.plist */ = {isa = PBXFileReference; lastKnownFileType = text.plist.xml; path = Info.plist; sourceTree = "<group>"; };
		7AC266C22128789B009BD669 /* GameViewController.swift */ = {isa = PBXFileReference; lastKnownFileType = sourcecode.swift; path = GameViewController.swift; sourceTree = "<group>"; };
		7AC266C6212896D3009BD669 /* Game.swift */ = {isa = PBXFileReference; lastKnownFileType = sourcecode.swift; path = Game.swift; sourceTree = "<group>"; };
		7AC266C821294FD1009BD669 /* Extensions.swift */ = {isa = PBXFileReference; lastKnownFileType = sourcecode.swift; path = Extensions.swift; sourceTree = "<group>"; };
		7AFFEAA12176ADAD00A5087B /* GameController.swift */ = {isa = PBXFileReference; lastKnownFileType = sourcecode.swift; path = GameController.swift; sourceTree = "<group>"; };
/* End PBXFileReference section */

/* Begin PBXFrameworksBuildPhase section */
		7AC266A72128772A009BD669 /* Frameworks */ = {
			isa = PBXFrameworksBuildPhase;
			buildActionMask = 2147483647;
			files = (
			);
			runOnlyForDeploymentPostprocessing = 0;
		};
/* End PBXFrameworksBuildPhase section */

/* Begin PBXGroup section */
		7A07049E212A640F000BDA53 /* Views */ = {
			isa = PBXGroup;
			children = (
				7A2088EC2171B5E40017787E /* Selections */,
				7AC266AF2128772A009BD669 /* MainViewController.swift */,
				7AC266C22128789B009BD669 /* GameViewController.swift */,
			);
			path = Views;
			sourceTree = "<group>";
		};
		7A07049F212A6420000BDA53 /* Extensions */ = {
			isa = PBXGroup;
			children = (
				7AC266C821294FD1009BD669 /* Extensions.swift */,
			);
			path = Extensions;
			sourceTree = "<group>";
		};
		7A0704A7212B50A5000BDA53 /* Classes */ = {
			isa = PBXGroup;
			children = (
				7A2088EB2171B5D60017787E /* Game */,
				7A2088E92171B5BA0017787E /* Shapes */,
			);
			path = Classes;
			sourceTree = "<group>";
		};
		7A2088E92171B5BA0017787E /* Shapes */ = {
			isa = PBXGroup;
			children = (
				7A0704A5212B5095000BDA53 /* ShapeController.swift */,
				7A0704A3212B4A8E000BDA53 /* Shape.swift */,
			);
			path = Shapes;
			sourceTree = "<group>";
		};
		7A2088EB2171B5D60017787E /* Game */ = {
			isa = PBXGroup;
			children = (
				7AC266C6212896D3009BD669 /* Game.swift */,
				7AFFEAA12176ADAD00A5087B /* GameController.swift */,
			);
			path = Game;
			sourceTree = "<group>";
		};
		7A2088EC2171B5E40017787E /* Selections */ = {
			isa = PBXGroup;
			children = (
				7A2088E72171B5900017787E /* MenuViewController.swift */,
				7A2088ED2171BA060017787E /* SizeViewController.swift */,
				7A2088EF2171BA150017787E /* ShapeViewController.swift */,
			);
			path = Selections;
			sourceTree = "<group>";
		};
		7AC266A12128772A009BD669 = {
			isa = PBXGroup;
			children = (
				7AC266AC2128772A009BD669 /* 5x5 */,
				7AC266AB2128772A009BD669 /* Products */,
			);
			sourceTree = "<group>";
		};
		7AC266AB2128772A009BD669 /* Products */ = {
			isa = PBXGroup;
			children = (
				7AC266AA2128772A009BD669 /* 5x5.app */,
			);
			name = Products;
			sourceTree = "<group>";
		};
		7AC266AC2128772A009BD669 /* 5x5 */ = {
			isa = PBXGroup;
			children = (
				7A07049F212A6420000BDA53 /* Extensions */,
				7A0704A7212B50A5000BDA53 /* Classes */,
				7A07049E212A640F000BDA53 /* Views */,
				7AC266AD2128772A009BD669 /* AppDelegate.swift */,
				7A79CD97219B91820038A5CC /* Assets.xcassets */,
				7AC266B12128772A009BD669 /* Main.storyboard */,
				7AC266B92128772E009BD669 /* LaunchScreen.storyboard */,
				7AC266BC2128772E009BD669 /* Info.plist */,
			);
			path = 5x5;
			sourceTree = "<group>";
		};
/* End PBXGroup section */

/* Begin PBXNativeTarget section */
		7AC266A92128772A009BD669 /* 5x5 */ = {
			isa = PBXNativeTarget;
			buildConfigurationList = 7AC266BF2128772E009BD669 /* Build configuration list for PBXNativeTarget "5x5" */;
			buildPhases = (
				7AC266A62128772A009BD669 /* Sources */,
				7AC266A72128772A009BD669 /* Frameworks */,
				7AC266A82128772A009BD669 /* Resources */,
			);
			buildRules = (
			);
			dependencies = (
			);
			name = 5x5;
			productName = 5x5;
			productReference = 7AC266AA2128772A009BD669 /* 5x5.app */;
			productType = "com.apple.product-type.application";
		};
/* End PBXNativeTarget section */

/* Begin PBXProject section */
		7AC266A22128772A009BD669 /* Project object */ = {
			isa = PBXProject;
			attributes = {
				LastSwiftUpdateCheck = 0940;
				LastUpgradeCheck = 0940;
				ORGANIZATIONNAME = "Jackson Weidmann";
				TargetAttributes = {
					7AC266A92128772A009BD669 = {
						CreatedOnToolsVersion = 9.4.1;
						LastSwiftMigration = 1000;
					};
				};
			};
			buildConfigurationList = 7AC266A52128772A009BD669 /* Build configuration list for PBXProject "Squares Game" */;
			compatibilityVersion = "Xcode 9.3";
			developmentRegion = en;
			hasScannedForEncodings = 0;
			knownRegions = (
				en,
				Base,
			);
			mainGroup = 7AC266A12128772A009BD669;
			productRefGroup = 7AC266AB2128772A009BD669 /* Products */;
			projectDirPath = "";
			projectRoot = "";
			targets = (
				7AC266A92128772A009BD669 /* 5x5 */,
			);
		};
/* End PBXProject section */

/* Begin PBXResourcesBuildPhase section */
		7AC266A82128772A009BD669 /* Resources */ = {
			isa = PBXResourcesBuildPhase;
			buildActionMask = 2147483647;
			files = (
				7AC266BB2128772E009BD669 /* LaunchScreen.storyboard in Resources */,
				7A79CD98219B91820038A5CC /* Assets.xcassets in Resources */,
				7AC266B32128772A009BD669 /* Main.storyboard in Resources */,
			);
			runOnlyForDeploymentPostprocessing = 0;
		};
/* End PBXResourcesBuildPhase section */

/* Begin PBXSourcesBuildPhase section */
		7AC266A62128772A009BD669 /* Sources */ = {
			isa = PBXSourcesBuildPhase;
			buildActionMask = 2147483647;
			files = (
				7A2088E82171B5900017787E /* MenuViewController.swift in Sources */,
				7AFFEAA22176ADAD00A5087B /* GameController.swift in Sources */,
				7A2088EE2171BA060017787E /* SizeViewController.swift in Sources */,
				7AC266C921294FD1009BD669 /* Extensions.swift in Sources */,
				7AC266B02128772A009BD669 /* MainViewController.swift in Sources */,
				7AC266C32128789B009BD669 /* GameViewController.swift in Sources */,
				7A2088F02171BA150017787E /* ShapeViewController.swift in Sources */,
				7A0704A4212B4A8E000BDA53 /* Shape.swift in Sources */,
				7AC266AE2128772A009BD669 /* AppDelegate.swift in Sources */,
				7A0704A6212B5095000BDA53 /* ShapeController.swift in Sources */,
				7AC266C7212896D3009BD669 /* Game.swift in Sources */,
			);
			runOnlyForDeploymentPostprocessing = 0;
		};
/* End PBXSourcesBuildPhase section */

/* Begin PBXVariantGroup section */
		7AC266B12128772A009BD669 /* Main.storyboard */ = {
			isa = PBXVariantGroup;
			children = (
				7AC266B22128772A009BD669 /* Base */,
			);
			name = Main.storyboard;
			sourceTree = "<group>";
		};
		7AC266B92128772E009BD669 /* LaunchScreen.storyboard */ = {
			isa = PBXVariantGroup;
			children = (
				7AC266BA2128772E009BD669 /* Base */,
			);
			name = LaunchScreen.storyboard;
			sourceTree = "<group>";
		};
/* End PBXVariantGroup section */

/* Begin XCBuildConfiguration section */
		7AC266BD2128772E009BD669 /* Debug */ = {
			isa = XCBuildConfiguration;
			buildSettings = {
				ALWAYS_SEARCH_USER_PATHS = NO;
				CLANG_ANALYZER_NONNULL = YES;
				CLANG_ANALYZER_NUMBER_OBJECT_CONVERSION = YES_AGGRESSIVE;
				CLANG_CXX_LANGUAGE_STANDARD = "gnu++14";
				CLANG_CXX_LIBRARY = "libc++";
				CLANG_ENABLE_MODULES = YES;
				CLANG_ENABLE_OBJC_ARC = YES;
				CLANG_ENABLE_OBJC_WEAK = YES;
				CLANG_WARN_BLOCK_CAPTURE_AUTORELEASING = YES;
				CLANG_WARN_BOOL_CONVERSION = YES;
				CLANG_WARN_COMMA = YES;
				CLANG_WARN_CONSTANT_CONVERSION = YES;
				CLANG_WARN_DEPRECATED_OBJC_IMPLEMENTATIONS = YES;
				CLANG_WARN_DIRECT_OBJC_ISA_USAGE = YES_ERROR;
				CLANG_WARN_DOCUMENTATION_COMMENTS = YES;
				CLANG_WARN_EMPTY_BODY = YES;
				CLANG_WARN_ENUM_CONVERSION = YES;
				CLANG_WARN_INFINITE_RECURSION = YES;
				CLANG_WARN_INT_CONVERSION = YES;
				CLANG_WARN_NON_LITERAL_NULL_CONVERSION = YES;
				CLANG_WARN_OBJC_IMPLICIT_RETAIN_SELF = YES;
				CLANG_WARN_OBJC_LITERAL_CONVERSION = YES;
				CLANG_WARN_OBJC_ROOT_CLASS = YES_ERROR;
				CLANG_WARN_RANGE_LOOP_ANALYSIS = YES;
				CLANG_WARN_STRICT_PROTOTYPES = YES;
				CLANG_WARN_SUSPICIOUS_MOVE = YES;
				CLANG_WARN_UNGUARDED_AVAILABILITY = YES_AGGRESSIVE;
				CLANG_WARN_UNREACHABLE_CODE = YES;
				CLANG_WARN__DUPLICATE_METHOD_MATCH = YES;
				CODE_SIGN_IDENTITY = "iPhone Developer";
				COPY_PHASE_STRIP = NO;
				DEBUG_INFORMATION_FORMAT = dwarf;
				ENABLE_STRICT_OBJC_MSGSEND = YES;
				ENABLE_TESTABILITY = YES;
				GCC_C_LANGUAGE_STANDARD = gnu11;
				GCC_DYNAMIC_NO_PIC = NO;
				GCC_NO_COMMON_BLOCKS = YES;
				GCC_OPTIMIZATION_LEVEL = 0;
				GCC_PREPROCESSOR_DEFINITIONS = (
					"DEBUG=1",
					"$(inherited)",
				);
				GCC_WARN_64_TO_32_BIT_CONVERSION = YES;
				GCC_WARN_ABOUT_RETURN_TYPE = YES_ERROR;
				GCC_WARN_UNDECLARED_SELECTOR = YES;
				GCC_WARN_UNINITIALIZED_AUTOS = YES_AGGRESSIVE;
				GCC_WARN_UNUSED_FUNCTION = YES;
				GCC_WARN_UNUSED_VARIABLE = YES;
				IPHONEOS_DEPLOYMENT_TARGET = 11.4;
				MTL_ENABLE_DEBUG_INFO = YES;
				ONLY_ACTIVE_ARCH = YES;
				SDKROOT = iphoneos;
				SWIFT_ACTIVE_COMPILATION_CONDITIONS = DEBUG;
				SWIFT_OPTIMIZATION_LEVEL = "-Onone";
			};
			name = Debug;
		};
		7AC266BE2128772E009BD669 /* Release */ = {
			isa = XCBuildConfiguration;
			buildSettings = {
				ALWAYS_SEARCH_USER_PATHS = NO;
				CLANG_ANALYZER_NONNULL = YES;
				CLANG_ANALYZER_NUMBER_OBJECT_CONVERSION = YES_AGGRESSIVE;
				CLANG_CXX_LANGUAGE_STANDARD = "gnu++14";
				CLANG_CXX_LIBRARY = "libc++";
				CLANG_ENABLE_MODULES = YES;
				CLANG_ENABLE_OBJC_ARC = YES;
				CLANG_ENABLE_OBJC_WEAK = YES;
				CLANG_WARN_BLOCK_CAPTURE_AUTORELEASING = YES;
				CLANG_WARN_BOOL_CONVERSION = YES;
				CLANG_WARN_COMMA = YES;
				CLANG_WARN_CONSTANT_CONVERSION = YES;
				CLANG_WARN_DEPRECATED_OBJC_IMPLEMENTATIONS = YES;
				CLANG_WARN_DIRECT_OBJC_ISA_USAGE = YES_ERROR;
				CLANG_WARN_DOCUMENTATION_COMMENTS = YES;
				CLANG_WARN_EMPTY_BODY = YES;
				CLANG_WARN_ENUM_CONVERSION = YES;
				CLANG_WARN_INFINITE_RECURSION = YES;
				CLANG_WARN_INT_CONVERSION = YES;
				CLANG_WARN_NON_LITERAL_NULL_CONVERSION = YES;
				CLANG_WARN_OBJC_IMPLICIT_RETAIN_SELF = YES;
				CLANG_WARN_OBJC_LITERAL_CONVERSION = YES;
				CLANG_WARN_OBJC_ROOT_CLASS = YES_ERROR;
				CLANG_WARN_RANGE_LOOP_ANALYSIS = YES;
				CLANG_WARN_STRICT_PROTOTYPES = YES;
				CLANG_WARN_SUSPICIOUS_MOVE = YES;
				CLANG_WARN_UNGUARDED_AVAILABILITY = YES_AGGRESSIVE;
				CLANG_WARN_UNREACHABLE_CODE = YES;
				CLANG_WARN__DUPLICATE_METHOD_MATCH = YES;
				CODE_SIGN_IDENTITY = "iPhone Developer";
				COPY_PHASE_STRIP = NO;
				DEBUG_INFORMATION_FORMAT = "dwarf-with-dsym";
				ENABLE_NS_ASSERTIONS = NO;
				ENABLE_STRICT_OBJC_MSGSEND = YES;
				GCC_C_LANGUAGE_STANDARD = gnu11;
				GCC_NO_COMMON_BLOCKS = YES;
				GCC_WARN_64_TO_32_BIT_CONVERSION = YES;
				GCC_WARN_ABOUT_RETURN_TYPE = YES_ERROR;
				GCC_WARN_UNDECLARED_SELECTOR = YES;
				GCC_WARN_UNINITIALIZED_AUTOS = YES_AGGRESSIVE;
				GCC_WARN_UNUSED_FUNCTION = YES;
				GCC_WARN_UNUSED_VARIABLE = YES;
				IPHONEOS_DEPLOYMENT_TARGET = 11.4;
				MTL_ENABLE_DEBUG_INFO = NO;
				SDKROOT = iphoneos;
				SWIFT_COMPILATION_MODE = wholemodule;
				SWIFT_OPTIMIZATION_LEVEL = "-O";
				VALIDATE_PRODUCT = YES;
			};
			name = Release;
		};
		7AC266C02128772E009BD669 /* Debug */ = {
			isa = XCBuildConfiguration;
			buildSettings = {
				ASSETCATALOG_COMPILER_APPICON_NAME = AppIcon;
				CODE_SIGN_IDENTITY = "iPhone Developer";
				CODE_SIGN_STYLE = Automatic;
				DEVELOPMENT_TEAM = YMFN925BMZ;
				INFOPLIST_FILE = "$(SRCROOT)/5x5/Info.plist";
				IPHONEOS_DEPLOYMENT_TARGET = 12.0;
				LD_RUNPATH_SEARCH_PATHS = (
					"$(inherited)",
					"@executable_path/Frameworks",
				);
				PRODUCT_BUNDLE_IDENTIFIER = com.compileforawhile.SquaresGame;
				PRODUCT_NAME = "$(TARGET_NAME)";
				PROVISIONING_PROFILE_SPECIFIER = "";
				SWIFT_VERSION = 4.2;
				TARGETED_DEVICE_FAMILY = "1,2";
			};
			name = Debug;
		};
		7AC266C12128772E009BD669 /* Release */ = {
			isa = XCBuildConfiguration;
			buildSettings = {
				ASSETCATALOG_COMPILER_APPICON_NAME = AppIcon;
				CODE_SIGN_IDENTITY = "iPhone Developer";
				CODE_SIGN_STYLE = Automatic;
				DEVELOPMENT_TEAM = YMFN925BMZ;
				INFOPLIST_FILE = "$(SRCROOT)/5x5/Info.plist";
				IPHONEOS_DEPLOYMENT_TARGET = 12.0;
				LD_RUNPATH_SEARCH_PATHS = (
					"$(inherited)",
					"@executable_path/Frameworks",
				);
				PRODUCT_BUNDLE_IDENTIFIER = com.compileforawhile.SquaresGame;
				PRODUCT_NAME = "$(TARGET_NAME)";
				PROVISIONING_PROFILE_SPECIFIER = "";
				SWIFT_VERSION = 4.2;
				TARGETED_DEVICE_FAMILY = "1,2";
			};
			name = Release;
		};
/* End XCBuildConfiguration section */

/* Begin XCConfigurationList section */
		7AC266A52128772A009BD669 /* Build configuration list for PBXProject "Squares Game" */ = {
			isa = XCConfigurationList;
			buildConfigurations = (
				7AC266BD2128772E009BD669 /* Debug */,
				7AC266BE2128772E009BD669 /* Release */,
			);
			defaultConfigurationIsVisible = 0;
			defaultConfigurationName = Release;
		};
		7AC266BF2128772E009BD669 /* Build configuration list for PBXNativeTarget "5x5" */ = {
			isa = XCConfigurationList;
			buildConfigurations = (
				7AC266C02128772E009BD669 /* Debug */,
				7AC266C12128772E009BD669 /* Release */,
			);
			defaultConfigurationIsVisible = 0;
			defaultConfigurationName = Release;
		};
/* End XCConfigurationList section */
	};
	rootObject = 7AC266A22128772A009BD669 /* Project object */;
}
